// !$*UTF8*$!
{
	archiveVersion = 1;
	classes = {
	};
	objectVersion = 56;
	objects = {

/* Begin PBXBuildFile section */
		920502CD2A2F9FEC00183108 /* Priority_ListApp.swift in Sources */ = {isa = PBXBuildFile; fileRef = 920502CC2A2F9FEC00183108 /* Priority_ListApp.swift */; };
		920502D12A2F9FEE00183108 /* Assets.xcassets in Resources */ = {isa = PBXBuildFile; fileRef = 920502D02A2F9FEE00183108 /* Assets.xcassets */; };
		920502D42A2F9FEE00183108 /* Preview Assets.xcassets in Resources */ = {isa = PBXBuildFile; fileRef = 920502D32A2F9FEE00183108 /* Preview Assets.xcassets */; };
		920502DD2A2FA31700183108 /* Task.swift in Sources */ = {isa = PBXBuildFile; fileRef = 920502DC2A2FA31700183108 /* Task.swift */; };
		921A68542A31EF7A007AF870 /* TaskDataManager.swift in Sources */ = {isa = PBXBuildFile; fileRef = 921A68532A31EF7A007AF870 /* TaskDataManager.swift */; };
		922782232A30C67D0004935D /* TaskView.swift in Sources */ = {isa = PBXBuildFile; fileRef = 922782222A30C67D0004935D /* TaskView.swift */; };
		922782252A30CF810004935D /* TaskViewModel.swift in Sources */ = {isa = PBXBuildFile; fileRef = 922782242A30CF800004935D /* TaskViewModel.swift */; };
		925B69E92A3102270025B478 /* TaskContainerView.swift in Sources */ = {isa = PBXBuildFile; fileRef = 925B69E82A3102270025B478 /* TaskContainerView.swift */; };
		925B69EB2A3102A90025B478 /* AddTaskView.swift in Sources */ = {isa = PBXBuildFile; fileRef = 925B69EA2A3102A90025B478 /* AddTaskView.swift */; };
/* End PBXBuildFile section */

/* Begin PBXFileReference section */
		920502C92A2F9FEC00183108 /* Priority List.app */ = {isa = PBXFileReference; explicitFileType = wrapper.application; includeInIndex = 0; path = "Priority List.app"; sourceTree = BUILT_PRODUCTS_DIR; };
		920502CC2A2F9FEC00183108 /* Priority_ListApp.swift */ = {isa = PBXFileReference; lastKnownFileType = sourcecode.swift; path = Priority_ListApp.swift; sourceTree = "<group>"; };
		920502D02A2F9FEE00183108 /* Assets.xcassets */ = {isa = PBXFileReference; lastKnownFileType = folder.assetcatalog; path = Assets.xcassets; sourceTree = "<group>"; };
		920502D32A2F9FEE00183108 /* Preview Assets.xcassets */ = {isa = PBXFileReference; lastKnownFileType = folder.assetcatalog; path = "Preview Assets.xcassets"; sourceTree = "<group>"; };
		920502DC2A2FA31700183108 /* Task.swift */ = {isa = PBXFileReference; lastKnownFileType = sourcecode.swift; path = Task.swift; sourceTree = "<group>"; };
		921A68532A31EF7A007AF870 /* TaskDataManager.swift */ = {isa = PBXFileReference; lastKnownFileType = sourcecode.swift; path = TaskDataManager.swift; sourceTree = "<group>"; };
		922782222A30C67D0004935D /* TaskView.swift */ = {isa = PBXFileReference; lastKnownFileType = sourcecode.swift; path = TaskView.swift; sourceTree = "<group>"; };
		922782242A30CF800004935D /* TaskViewModel.swift */ = {isa = PBXFileReference; lastKnownFileType = sourcecode.swift; path = TaskViewModel.swift; sourceTree = "<group>"; };
		925B69E82A3102270025B478 /* TaskContainerView.swift */ = {isa = PBXFileReference; lastKnownFileType = sourcecode.swift; path = TaskContainerView.swift; sourceTree = "<group>"; };
		925B69EA2A3102A90025B478 /* AddTaskView.swift */ = {isa = PBXFileReference; lastKnownFileType = sourcecode.swift; path = AddTaskView.swift; sourceTree = "<group>"; };
/* End PBXFileReference section */

/* Begin PBXFrameworksBuildPhase section */
		920502C62A2F9FEC00183108 /* Frameworks */ = {
			isa = PBXFrameworksBuildPhase;
			buildActionMask = 2147483647;
			files = (
			);
			runOnlyForDeploymentPostprocessing = 0;
		};
/* End PBXFrameworksBuildPhase section */

/* Begin PBXGroup section */
		920502C02A2F9FEC00183108 = {
			isa = PBXGroup;
			children = (
				920502CB2A2F9FEC00183108 /* Priority List */,
				920502CA2A2F9FEC00183108 /* Products */,
			);
			sourceTree = "<group>";
		};
		920502CA2A2F9FEC00183108 /* Products */ = {
			isa = PBXGroup;
			children = (
				920502C92A2F9FEC00183108 /* Priority List.app */,
			);
			name = Products;
			sourceTree = "<group>";
		};
		920502CB2A2F9FEC00183108 /* Priority List */ = {
			isa = PBXGroup;
			children = (
				920502CC2A2F9FEC00183108 /* Priority_ListApp.swift */,
				925B69E82A3102270025B478 /* TaskContainerView.swift */,
				920502DC2A2FA31700183108 /* Task.swift */,
				922782222A30C67D0004935D /* TaskView.swift */,
				925B69EA2A3102A90025B478 /* AddTaskView.swift */,
				922782242A30CF800004935D /* TaskViewModel.swift */,
				921A68532A31EF7A007AF870 /* TaskDataManager.swift */,
				920502D02A2F9FEE00183108 /* Assets.xcassets */,
				920502D22A2F9FEE00183108 /* Preview Content */,
			);
			path = "Priority List";
			sourceTree = "<group>";
		};
		920502D22A2F9FEE00183108 /* Preview Content */ = {
			isa = PBXGroup;
			children = (
				920502D32A2F9FEE00183108 /* Preview Assets.xcassets */,
			);
			path = "Preview Content";
			sourceTree = "<group>";
		};
/* End PBXGroup section */

/* Begin PBXNativeTarget section */
		920502C82A2F9FEC00183108 /* Priority List */ = {
			isa = PBXNativeTarget;
			buildConfigurationList = 920502D92A2F9FEE00183108 /* Build configuration list for PBXNativeTarget "Priority List" */;
			buildPhases = (
				920502C52A2F9FEC00183108 /* Sources */,
				920502C62A2F9FEC00183108 /* Frameworks */,
				920502C72A2F9FEC00183108 /* Resources */,
			);
			buildRules = (
			);
			dependencies = (
			);
			name = "Priority List";
			productName = "Priority List";
			productReference = 920502C92A2F9FEC00183108 /* Priority List.app */;
			productType = "com.apple.product-type.application";
		};
/* End PBXNativeTarget section */

/* Begin PBXProject section */
		920502C12A2F9FEC00183108 /* Project object */ = {
			isa = PBXProject;
			attributes = {
				BuildIndependentTargetsInParallel = 1;
				LastSwiftUpdateCheck = 1500;
				LastUpgradeCheck = 1500;
				TargetAttributes = {
					920502C82A2F9FEC00183108 = {
						CreatedOnToolsVersion = 15.0;
					};
				};
			};
			buildConfigurationList = 920502C42A2F9FEC00183108 /* Build configuration list for PBXProject "Priority List" */;
			compatibilityVersion = "Xcode 14.0";
			developmentRegion = en;
			hasScannedForEncodings = 0;
			knownRegions = (
				en,
				Base,
			);
			mainGroup = 920502C02A2F9FEC00183108;
			productRefGroup = 920502CA2A2F9FEC00183108 /* Products */;
			projectDirPath = "";
			projectRoot = "";
			targets = (
				920502C82A2F9FEC00183108 /* Priority List */,
			);
		};
/* End PBXProject section */

/* Begin PBXResourcesBuildPhase section */
		920502C72A2F9FEC00183108 /* Resources */ = {
			isa = PBXResourcesBuildPhase;
			buildActionMask = 2147483647;
			files = (
				920502D42A2F9FEE00183108 /* Preview Assets.xcassets in Resources */,
				920502D12A2F9FEE00183108 /* Assets.xcassets in Resources */,
			);
			runOnlyForDeploymentPostprocessing = 0;
		};
/* End PBXResourcesBuildPhase section */

/* Begin PBXSourcesBuildPhase section */
		920502C52A2F9FEC00183108 /* Sources */ = {
			isa = PBXSourcesBuildPhase;
			buildActionMask = 2147483647;
			files = (
				920502DD2A2FA31700183108 /* Task.swift in Sources */,
				921A68542A31EF7A007AF870 /* TaskDataManager.swift in Sources */,
				925B69E92A3102270025B478 /* TaskContainerView.swift in Sources */,
				922782252A30CF810004935D /* TaskViewModel.swift in Sources */,
				925B69EB2A3102A90025B478 /* AddTaskView.swift in Sources */,
				922782232A30C67D0004935D /* TaskView.swift in Sources */,
				920502CD2A2F9FEC00183108 /* Priority_ListApp.swift in Sources */,
			);
			runOnlyForDeploymentPostprocessing = 0;
		};
/* End PBXSourcesBuildPhase section */

/* Begin XCBuildConfiguration section */
		920502D72A2F9FEE00183108 /* Debug */ = {
			isa = XCBuildConfiguration;
			buildSettings = {
				ALWAYS_SEARCH_USER_PATHS = NO;
				ASSETCATALOG_COMPILER_GENERATE_SWIFT_ASSET_SYMBOL_EXTENSIONS = YES;
				CLANG_ANALYZER_NONNULL = YES;
				CLANG_ANALYZER_NUMBER_OBJECT_CONVERSION = YES_AGGRESSIVE;
				CLANG_CXX_LANGUAGE_STANDARD = "gnu++20";
				CLANG_ENABLE_MODULES = YES;
				CLANG_ENABLE_OBJC_ARC = YES;
				CLANG_ENABLE_OBJC_WEAK = YES;
				CLANG_WARN_BLOCK_CAPTURE_AUTORELEASING = YES;
				CLANG_WARN_BOOL_CONVERSION = YES;
				CLANG_WARN_COMMA = YES;
				CLANG_WARN_CONSTANT_CONVERSION = YES;
				CLANG_WARN_DEPRECATED_OBJC_IMPLEMENTATIONS = YES;
				CLANG_WARN_DIRECT_OBJC_ISA_USAGE = YES_ERROR;
				CLANG_WARN_DOCUMENTATION_COMMENTS = YES;
				CLANG_WARN_EMPTY_BODY = YES;
				CLANG_WARN_ENUM_CONVERSION = YES;
				CLANG_WARN_INFINITE_RECURSION = YES;
				CLANG_WARN_INT_CONVERSION = YES;
				CLANG_WARN_NON_LITERAL_NULL_CONVERSION = YES;
				CLANG_WARN_OBJC_IMPLICIT_RETAIN_SELF = YES;
				CLANG_WARN_OBJC_LITERAL_CONVERSION = YES;
				CLANG_WARN_OBJC_ROOT_CLASS = YES_ERROR;
				CLANG_WARN_QUOTED_INCLUDE_IN_FRAMEWORK_HEADER = YES;
				CLANG_WARN_RANGE_LOOP_ANALYSIS = YES;
				CLANG_WARN_STRICT_PROTOTYPES = YES;
				CLANG_WARN_SUSPICIOUS_MOVE = YES;
				CLANG_WARN_UNGUARDED_AVAILABILITY = YES_AGGRESSIVE;
				CLANG_WARN_UNREACHABLE_CODE = YES;
				CLANG_WARN__DUPLICATE_METHOD_MATCH = YES;
				COPY_PHASE_STRIP = NO;
				DEBUG_INFORMATION_FORMAT = dwarf;
				ENABLE_STRICT_OBJC_MSGSEND = YES;
				ENABLE_TESTABILITY = YES;
				ENABLE_USER_SCRIPT_SANDBOXING = YES;
				GCC_C_LANGUAGE_STANDARD = gnu17;
				GCC_DYNAMIC_NO_PIC = NO;
				GCC_NO_COMMON_BLOCKS = YES;
				GCC_OPTIMIZATION_LEVEL = 0;
				GCC_PREPROCESSOR_DEFINITIONS = (
					"DEBUG=1",
					"$(inherited)",
				);
				GCC_WARN_64_TO_32_BIT_CONVERSION = YES;
				GCC_WARN_ABOUT_RETURN_TYPE = YES_ERROR;
				GCC_WARN_UNDECLARED_SELECTOR = YES;
				GCC_WARN_UNINITIALIZED_AUTOS = YES_AGGRESSIVE;
				GCC_WARN_UNUSED_FUNCTION = YES;
				GCC_WARN_UNUSED_VARIABLE = YES;
				IPHONEOS_DEPLOYMENT_TARGET = 17.0;
				LOCALIZATION_PREFERS_STRING_CATALOGS = YES;
				MTL_ENABLE_DEBUG_INFO = INCLUDE_SOURCE;
				MTL_FAST_MATH = YES;
				ONLY_ACTIVE_ARCH = YES;
				SDKROOT = iphoneos;
				SWIFT_ACTIVE_COMPILATION_CONDITIONS = "DEBUG $(inherited)";
				SWIFT_OPTIMIZATION_LEVEL = "-Onone";
			};
			name = Debug;
		};
		920502D82A2F9FEE00183108 /* Release */ = {
			isa = XCBuildConfiguration;
			buildSettings = {
				ALWAYS_SEARCH_USER_PATHS = NO;
				ASSETCATALOG_COMPILER_GENERATE_SWIFT_ASSET_SYMBOL_EXTENSIONS = YES;
				CLANG_ANALYZER_NONNULL = YES;
				CLANG_ANALYZER_NUMBER_OBJECT_CONVERSION = YES_AGGRESSIVE;
				CLANG_CXX_LANGUAGE_STANDARD = "gnu++20";
				CLANG_ENABLE_MODULES = YES;
				CLANG_ENABLE_OBJC_ARC = YES;
				CLANG_ENABLE_OBJC_WEAK = YES;
				CLANG_WARN_BLOCK_CAPTURE_AUTORELEASING = YES;
				CLANG_WARN_BOOL_CONVERSION = YES;
				CLANG_WARN_COMMA = YES;
				CLANG_WARN_CONSTANT_CONVERSION = YES;
				CLANG_WARN_DEPRECATED_OBJC_IMPLEMENTATIONS = YES;
				CLANG_WARN_DIRECT_OBJC_ISA_USAGE = YES_ERROR;
				CLANG_WARN_DOCUMENTATION_COMMENTS = YES;
				CLANG_WARN_EMPTY_BODY = YES;
				CLANG_WARN_ENUM_CONVERSION = YES;
				CLANG_WARN_INFINITE_RECURSION = YES;
				CLANG_WARN_INT_CONVERSION = YES;
				CLANG_WARN_NON_LITERAL_NULL_CONVERSION = YES;
				CLANG_WARN_OBJC_IMPLICIT_RETAIN_SELF = YES;
				CLANG_WARN_OBJC_LITERAL_CONVERSION = YES;
				CLANG_WARN_OBJC_ROOT_CLASS = YES_ERROR;
				CLANG_WARN_QUOTED_INCLUDE_IN_FRAMEWORK_HEADER = YES;
				CLANG_WARN_RANGE_LOOP_ANALYSIS = YES;
				CLANG_WARN_STRICT_PROTOTYPES = YES;
				CLANG_WARN_SUSPICIOUS_MOVE = YES;
				CLANG_WARN_UNGUARDED_AVAILABILITY = YES_AGGRESSIVE;
				CLANG_WARN_UNREACHABLE_CODE = YES;
				CLANG_WARN__DUPLICATE_METHOD_MATCH = YES;
				COPY_PHASE_STRIP = NO;
				DEBUG_INFORMATION_FORMAT = "dwarf-with-dsym";
				ENABLE_NS_ASSERTIONS = NO;
				ENABLE_STRICT_OBJC_MSGSEND = YES;
				ENABLE_USER_SCRIPT_SANDBOXING = YES;
				GCC_C_LANGUAGE_STANDARD = gnu17;
				GCC_NO_COMMON_BLOCKS = YES;
				GCC_WARN_64_TO_32_BIT_CONVERSION = YES;
				GCC_WARN_ABOUT_RETURN_TYPE = YES_ERROR;
				GCC_WARN_UNDECLARED_SELECTOR = YES;
				GCC_WARN_UNINITIALIZED_AUTOS = YES_AGGRESSIVE;
				GCC_WARN_UNUSED_FUNCTION = YES;
				GCC_WARN_UNUSED_VARIABLE = YES;
				IPHONEOS_DEPLOYMENT_TARGET = 17.0;
				LOCALIZATION_PREFERS_STRING_CATALOGS = YES;
				MTL_ENABLE_DEBUG_INFO = NO;
				MTL_FAST_MATH = YES;
				SDKROOT = iphoneos;
				SWIFT_COMPILATION_MODE = wholemodule;
				VALIDATE_PRODUCT = YES;
			};
			name = Release;
		};
		920502DA2A2F9FEE00183108 /* Debug */ = {
			isa = XCBuildConfiguration;
			buildSettings = {
				ASSETCATALOG_COMPILER_APPICON_NAME = AppIcon;
				ASSETCATALOG_COMPILER_GLOBAL_ACCENT_COLOR_NAME = AccentColor;
				CODE_SIGN_STYLE = Automatic;
				CURRENT_PROJECT_VERSION = 1;
				DEVELOPMENT_ASSET_PATHS = "\"Priority List/Preview Content\"";
				DEVELOPMENT_TEAM = W5VQ56Z87Q;
				ENABLE_PREVIEWS = YES;
				GENERATE_INFOPLIST_FILE = YES;
				INFOPLIST_KEY_UIApplicationSceneManifest_Generation = YES;
				INFOPLIST_KEY_UIApplicationSupportsIndirectInputEvents = YES;
				INFOPLIST_KEY_UILaunchScreen_Generation = YES;
				INFOPLIST_KEY_UISupportedInterfaceOrientations_iPad = "UIInterfaceOrientationPortrait UIInterfaceOrientationPortraitUpsideDown UIInterfaceOrientationLandscapeLeft UIInterfaceOrientationLandscapeRight";
				INFOPLIST_KEY_UISupportedInterfaceOrientations_iPhone = "UIInterfaceOrientationPortrait UIInterfaceOrientationLandscapeLeft UIInterfaceOrientationLandscapeRight";
				LD_RUNPATH_SEARCH_PATHS = (
					"$(inherited)",
					"@executable_path/Frameworks",
				);
				MARKETING_VERSION = 1.0;
				PRODUCT_BUNDLE_IDENTIFIER = "com.nimdog.Priority-List";
				PRODUCT_NAME = "$(TARGET_NAME)";
				SWIFT_EMIT_LOC_STRINGS = YES;
				SWIFT_VERSION = 5.0;
				TARGETED_DEVICE_FAMILY = "1,2";
			};
			name = Debug;
		};
		920502DB2A2F9FEE00183108 /* Release */ = {
			isa = XCBuildConfiguration;
			buildSettings = {
				ASSETCATALOG_COMPILER_APPICON_NAME = AppIcon;
				ASSETCATALOG_COMPILER_GLOBAL_ACCENT_COLOR_NAME = AccentColor;
				CODE_SIGN_STYLE = Automatic;
				CURRENT_PROJECT_VERSION = 1;
				DEVELOPMENT_ASSET_PATHS = "\"Priority List/Preview Content\"";
				DEVELOPMENT_TEAM = W5VQ56Z87Q;
				ENABLE_PREVIEWS = YES;
				GENERATE_INFOPLIST_FILE = YES;
				INFOPLIST_KEY_UIApplicationSceneManifest_Generation = YES;
				INFOPLIST_KEY_UIApplicationSupportsIndirectInputEvents = YES;
				INFOPLIST_KEY_UILaunchScreen_Generation = YES;
				INFOPLIST_KEY_UISupportedInterfaceOrientations_iPad = "UIInterfaceOrientationPortrait UIInterfaceOrientationPortraitUpsideDown UIInterfaceOrientationLandscapeLeft UIInterfaceOrientationLandscapeRight";
				INFOPLIST_KEY_UISupportedInterfaceOrientations_iPhone = "UIInterfaceOrientationPortrait UIInterfaceOrientationLandscapeLeft UIInterfaceOrientationLandscapeRight";
				LD_RUNPATH_SEARCH_PATHS = (
					"$(inherited)",
					"@executable_path/Frameworks",
				);
				MARKETING_VERSION = 1.0;
				PRODUCT_BUNDLE_IDENTIFIER = "com.nimdog.Priority-List";
				PRODUCT_NAME = "$(TARGET_NAME)";
				SWIFT_EMIT_LOC_STRINGS = YES;
				SWIFT_VERSION = 5.0;
				TARGETED_DEVICE_FAMILY = "1,2";
			};
			name = Release;
		};
/* End XCBuildConfiguration section */

/* Begin XCConfigurationList section */
		920502C42A2F9FEC00183108 /* Build configuration list for PBXProject "Priority List" */ = {
			isa = XCConfigurationList;
			buildConfigurations = (
				920502D72A2F9FEE00183108 /* Debug */,
				920502D82A2F9FEE00183108 /* Release */,
			);
			defaultConfigurationIsVisible = 0;
			defaultConfigurationName = Release;
		};
		920502D92A2F9FEE00183108 /* Build configuration list for PBXNativeTarget "Priority List" */ = {
			isa = XCConfigurationList;
			buildConfigurations = (
				920502DA2A2F9FEE00183108 /* Debug */,
				920502DB2A2F9FEE00183108 /* Release */,
			);
			defaultConfigurationIsVisible = 0;
			defaultConfigurationName = Release;
		};
/* End XCConfigurationList section */
	};
	rootObject = 920502C12A2F9FEC00183108 /* Project object */;
}
